
Microsoft Visual Studio Solution File, Format Version 12.00
# Visual Studio 15
VisualStudioVersion = 15.0.26124.0
MinimumVisualStudioVersion = 15.0.26124.0
Project("{F2A71F9B-5D33-465A-A702-920D77279786}") = "CK2EventsTests", "CK2EventsTests\CK2EventsTests.fsproj", "{29D3AE56-B62A-4671-A171-105442EB87CE}"
EndProject
Project("{F2A71F9B-5D33-465A-A702-920D77279786}") = "CK2 Events", "CK2EventsUI\CK2 Events.fsproj", "{6BA6620E-5746-4A67-BD59-B8696FEEA16C}"
EndProject
Global
	GlobalSection(SolutionConfigurationPlatforms) = preSolution
		Debug|Any CPU = Debug|Any CPU
		Debug|x64 = Debug|x64
		Debug|x86 = Debug|x86
		Release|Any CPU = Release|Any CPU
		Release|x64 = Release|x64
		Release|x86 = Release|x86
	EndGlobalSection
	GlobalSection(SolutionProperties) = preSolution
		HideSolutionNode = FALSE
	EndGlobalSection
	GlobalSection(ProjectConfigurationPlatforms) = postSolution
		{29D3AE56-B62A-4671-A171-105442EB87CE}.Debug|Any CPU.ActiveCfg = Debug|Any CPU
		{29D3AE56-B62A-4671-A171-105442EB87CE}.Debug|Any CPU.Build.0 = Debug|Any CPU
		{29D3AE56-B62A-4671-A171-105442EB87CE}.Debug|x64.ActiveCfg = Debug|Any CPU
		{29D3AE56-B62A-4671-A171-105442EB87CE}.Debug|x64.Build.0 = Debug|Any CPU
		{29D3AE56-B62A-4671-A171-105442EB87CE}.Debug|x86.ActiveCfg = Debug|Any CPU
		{29D3AE56-B62A-4671-A171-105442EB87CE}.Debug|x86.Build.0 = Debug|Any CPU
		{29D3AE56-B62A-4671-A171-105442EB87CE}.Release|Any CPU.ActiveCfg = Release|Any CPU
		{29D3AE56-B62A-4671-A171-105442EB87CE}.Release|Any CPU.Build.0 = Release|Any CPU
		{29D3AE56-B62A-4671-A171-105442EB87CE}.Release|x64.ActiveCfg = Release|Any CPU
		{29D3AE56-B62A-4671-A171-105442EB87CE}.Release|x64.Build.0 = Release|Any CPU
		{29D3AE56-B62A-4671-A171-105442EB87CE}.Release|x86.ActiveCfg = Release|Any CPU
		{29D3AE56-B62A-4671-A171-105442EB87CE}.Release|x86.Build.0 = Release|Any CPU
		{6BA6620E-5746-4A67-BD59-B8696FEEA16C}.Debug|Any CPU.ActiveCfg = Debug|Any CPU
		{6BA6620E-5746-4A67-BD59-B8696FEEA16C}.Debug|Any CPU.Build.0 = Debug|Any CPU
		{6BA6620E-5746-4A67-BD59-B8696FEEA16C}.Debug|x64.ActiveCfg = Debug|Any CPU
		{6BA6620E-5746-4A67-BD59-B8696FEEA16C}.Debug|x64.Build.0 = Debug|Any CPU
		{6BA6620E-5746-4A67-BD59-B8696FEEA16C}.Debug|x86.ActiveCfg = Debug|Any CPU
		{6BA6620E-5746-4A67-BD59-B8696FEEA16C}.Debug|x86.Build.0 = Debug|Any CPU
		{6BA6620E-5746-4A67-BD59-B8696FEEA16C}.Release|Any CPU.ActiveCfg = Release|Any CPU
		{6BA6620E-5746-4A67-BD59-B8696FEEA16C}.Release|Any CPU.Build.0 = Release|Any CPU
		{6BA6620E-5746-4A67-BD59-B8696FEEA16C}.Release|x64.ActiveCfg = Release|Any CPU
		{6BA6620E-5746-4A67-BD59-B8696FEEA16C}.Release|x64.Build.0 = Release|Any CPU
		{6BA6620E-5746-4A67-BD59-B8696FEEA16C}.Release|x86.ActiveCfg = Release|Any CPU
		{6BA6620E-5746-4A67-BD59-B8696FEEA16C}.Release|x86.Build.0 = Release|Any CPU
	EndGlobalSection
EndGlobal
